
Microsoft Visual Studio Solution File, Format Version 12.00
# Visual Studio Version 16
VisualStudioVersion = 16.0.31605.320
MinimumVisualStudioVersion = 10.0.40219.1
Project("{FAE04EC0-301F-11D3-BF4B-00C04F79EFBC}") = "ExercicioURI1002", "ExercicioURI1002\ExercicioURI1002.csproj", "{6F39F317-3CED-4C72-8B28-031475D361FF}"
EndProject
Global
	GlobalSection(SolutionConfigurationPlatforms) = preSolution
		Debug|Any CPU = Debug|Any CPU
		Release|Any CPU = Release|Any CPU
	EndGlobalSection
	GlobalSection(ProjectConfigurationPlatforms) = postSolution
		{6F39F317-3CED-4C72-8B28-031475D361FF}.Debug|Any CPU.ActiveCfg = Debug|Any CPU
		{6F39F317-3CED-4C72-8B28-031475D361FF}.Debug|Any CPU.Build.0 = Debug|Any CPU
		{6F39F317-3CED-4C72-8B28-031475D361FF}.Release|Any CPU.ActiveCfg = Release|Any CPU
		{6F39F317-3CED-4C72-8B28-031475D361FF}.Release|Any CPU.Build.0 = Release|Any CPU
	EndGlobalSection
	GlobalSection(SolutionProperties) = preSolution
		HideSolutionNode = FALSE
	EndGlobalSection
	GlobalSection(ExtensibilityGlobals) = postSolution
		SolutionGuid = {A66954EB-5459-440F-98B2-24E751564A14}
	EndGlobalSection
EndGlobal
